// !$*UTF8*$!
{
	archiveVersion = 1;
	classes = {
	};
	objectVersion = 55;
	objects = {

/* Begin PBXBuildFile section */
		F83FE60A27CE945D00F21C78 /* JsonManager.swift in Sources */ = {isa = PBXBuildFile; fileRef = F83FE60927CE945D00F21C78 /* JsonManager.swift */; };
		F83FE60C27CE9DF000F21C78 /* Errors.swift in Sources */ = {isa = PBXBuildFile; fileRef = F83FE60B27CE9DF000F21C78 /* Errors.swift */; };
		F83FE60E27CEABEE00F21C78 /* CurrencyConverterViewController.swift in Sources */ = {isa = PBXBuildFile; fileRef = F83FE60D27CEABEE00F21C78 /* CurrencyConverterViewController.swift */; };
		F83FE61027CFE5C100F21C78 /* CurrencyConverter.swift in Sources */ = {isa = PBXBuildFile; fileRef = F83FE60F27CFE5C100F21C78 /* CurrencyConverter.swift */; };
		F83FE61227CFE67000F21C78 /* Double+Extension.swift in Sources */ = {isa = PBXBuildFile; fileRef = F83FE61127CFE67000F21C78 /* Double+Extension.swift */; };
		F83FE61527CFF56800F21C78 /* RoundedButton.swift in Sources */ = {isa = PBXBuildFile; fileRef = F83FE61427CFF56800F21C78 /* RoundedButton.swift */; };
		F83FE61727CFFF1B00F21C78 /* ErrorView.xib in Resources */ = {isa = PBXBuildFile; fileRef = F83FE61627CFFF1B00F21C78 /* ErrorView.xib */; };
		F83FE61927D004BC00F21C78 /* ErrorView.swift in Sources */ = {isa = PBXBuildFile; fileRef = F83FE61827D004BC00F21C78 /* ErrorView.swift */; };
		F83FE61B27D0092A00F21C78 /* CircleLoadingIndicator.swift in Sources */ = {isa = PBXBuildFile; fileRef = F83FE61A27D0092A00F21C78 /* CircleLoadingIndicator.swift */; };
		F848D44127CD37080085CDA8 /* AppDelegate.swift in Sources */ = {isa = PBXBuildFile; fileRef = F848D44027CD37080085CDA8 /* AppDelegate.swift */; };
		F848D44327CD37080085CDA8 /* SceneDelegate.swift in Sources */ = {isa = PBXBuildFile; fileRef = F848D44227CD37080085CDA8 /* SceneDelegate.swift */; };
		F848D44527CD37080085CDA8 /* MainViewController.swift in Sources */ = {isa = PBXBuildFile; fileRef = F848D44427CD37080085CDA8 /* MainViewController.swift */; };
		F848D44827CD37080085CDA8 /* Main.storyboard in Resources */ = {isa = PBXBuildFile; fileRef = F848D44627CD37080085CDA8 /* Main.storyboard */; };
		F848D44A27CD37090085CDA8 /* Assets.xcassets in Resources */ = {isa = PBXBuildFile; fileRef = F848D44927CD37090085CDA8 /* Assets.xcassets */; };
		F848D44D27CD37090085CDA8 /* LaunchScreen.storyboard in Resources */ = {isa = PBXBuildFile; fileRef = F848D44B27CD37090085CDA8 /* LaunchScreen.storyboard */; };
		F848D45E27CD38640085CDA8 /* Constants.swift in Sources */ = {isa = PBXBuildFile; fileRef = F848D45D27CD38640085CDA8 /* Constants.swift */; };
		F848D46027CD39B40085CDA8 /* NetworkManager.swift in Sources */ = {isa = PBXBuildFile; fileRef = F848D45F27CD39B40085CDA8 /* NetworkManager.swift */; };
		F848D46327CD3B250085CDA8 /* Currency.swift in Sources */ = {isa = PBXBuildFile; fileRef = F848D46227CD3B250085CDA8 /* Currency.swift */; };
		F8D3F2B827CD4C050018380C /* CurrencyTableCellView.swift in Sources */ = {isa = PBXBuildFile; fileRef = F8D3F2B727CD4C050018380C /* CurrencyTableCellView.swift */; };
		F8D3F2BA27CD4D620018380C /* Date+Extension.swift in Sources */ = {isa = PBXBuildFile; fileRef = F8D3F2B927CD4D620018380C /* Date+Extension.swift */; };
		F8D5AAE627D1425A005A00F8 /* SpringCardProjectTests.swift in Sources */ = {isa = PBXBuildFile; fileRef = F8D5AAE527D1425A005A00F8 /* SpringCardProjectTests.swift */; };
		F8D5AAEF27D244C1005A00F8 /* UIKit+Extension.swift in Sources */ = {isa = PBXBuildFile; fileRef = F8D5AAEE27D244C1005A00F8 /* UIKit+Extension.swift */; };
		F8D5AAF327D26015005A00F8 /* AnimatedLaunchViewController.swift in Sources */ = {isa = PBXBuildFile; fileRef = F8D5AAF227D26015005A00F8 /* AnimatedLaunchViewController.swift */; };
/* End PBXBuildFile section */

/* Begin PBXContainerItemProxy section */
		F8D5AAE727D1425A005A00F8 /* PBXContainerItemProxy */ = {
			isa = PBXContainerItemProxy;
			containerPortal = F848D43527CD37080085CDA8 /* Project object */;
			proxyType = 1;
			remoteGlobalIDString = F848D43C27CD37080085CDA8;
			remoteInfo = SpringCardProject;
		};
/* End PBXContainerItemProxy section */

/* Begin PBXFileReference section */
		F83FE60927CE945D00F21C78 /* JsonManager.swift */ = {isa = PBXFileReference; lastKnownFileType = sourcecode.swift; path = JsonManager.swift; sourceTree = "<group>"; };
		F83FE60B27CE9DF000F21C78 /* Errors.swift */ = {isa = PBXFileReference; lastKnownFileType = sourcecode.swift; path = Errors.swift; sourceTree = "<group>"; };
		F83FE60D27CEABEE00F21C78 /* CurrencyConverterViewController.swift */ = {isa = PBXFileReference; lastKnownFileType = sourcecode.swift; path = CurrencyConverterViewController.swift; sourceTree = "<group>"; };
		F83FE60F27CFE5C100F21C78 /* CurrencyConverter.swift */ = {isa = PBXFileReference; lastKnownFileType = sourcecode.swift; path = CurrencyConverter.swift; sourceTree = "<group>"; };
		F83FE61127CFE67000F21C78 /* Double+Extension.swift */ = {isa = PBXFileReference; lastKnownFileType = sourcecode.swift; path = "Double+Extension.swift"; sourceTree = "<group>"; };
		F83FE61427CFF56800F21C78 /* RoundedButton.swift */ = {isa = PBXFileReference; lastKnownFileType = sourcecode.swift; path = RoundedButton.swift; sourceTree = "<group>"; };
		F83FE61627CFFF1B00F21C78 /* ErrorView.xib */ = {isa = PBXFileReference; lastKnownFileType = file.xib; path = ErrorView.xib; sourceTree = "<group>"; };
		F83FE61827D004BC00F21C78 /* ErrorView.swift */ = {isa = PBXFileReference; lastKnownFileType = sourcecode.swift; path = ErrorView.swift; sourceTree = "<group>"; };
		F83FE61A27D0092A00F21C78 /* CircleLoadingIndicator.swift */ = {isa = PBXFileReference; lastKnownFileType = sourcecode.swift; path = CircleLoadingIndicator.swift; sourceTree = "<group>"; };
		F848D43D27CD37080085CDA8 /* SpringCardProject.app */ = {isa = PBXFileReference; explicitFileType = wrapper.application; includeInIndex = 0; path = SpringCardProject.app; sourceTree = BUILT_PRODUCTS_DIR; };
		F848D44027CD37080085CDA8 /* AppDelegate.swift */ = {isa = PBXFileReference; lastKnownFileType = sourcecode.swift; path = AppDelegate.swift; sourceTree = "<group>"; };
		F848D44227CD37080085CDA8 /* SceneDelegate.swift */ = {isa = PBXFileReference; lastKnownFileType = sourcecode.swift; path = SceneDelegate.swift; sourceTree = "<group>"; };
		F848D44427CD37080085CDA8 /* MainViewController.swift */ = {isa = PBXFileReference; lastKnownFileType = sourcecode.swift; path = MainViewController.swift; sourceTree = "<group>"; };
		F848D44727CD37080085CDA8 /* Base */ = {isa = PBXFileReference; lastKnownFileType = file.storyboard; name = Base; path = Base.lproj/Main.storyboard; sourceTree = "<group>"; };
		F848D44927CD37090085CDA8 /* Assets.xcassets */ = {isa = PBXFileReference; lastKnownFileType = folder.assetcatalog; path = Assets.xcassets; sourceTree = "<group>"; };
		F848D44C27CD37090085CDA8 /* Base */ = {isa = PBXFileReference; lastKnownFileType = file.storyboard; name = Base; path = Base.lproj/LaunchScreen.storyboard; sourceTree = "<group>"; };
		F848D44E27CD37090085CDA8 /* Info.plist */ = {isa = PBXFileReference; lastKnownFileType = text.plist.xml; path = Info.plist; sourceTree = "<group>"; };
		F848D45D27CD38640085CDA8 /* Constants.swift */ = {isa = PBXFileReference; lastKnownFileType = sourcecode.swift; path = Constants.swift; sourceTree = "<group>"; };
		F848D45F27CD39B40085CDA8 /* NetworkManager.swift */ = {isa = PBXFileReference; lastKnownFileType = sourcecode.swift; path = NetworkManager.swift; sourceTree = "<group>"; };
		F848D46227CD3B250085CDA8 /* Currency.swift */ = {isa = PBXFileReference; lastKnownFileType = sourcecode.swift; path = Currency.swift; sourceTree = "<group>"; };
		F8D3F2B727CD4C050018380C /* CurrencyTableCellView.swift */ = {isa = PBXFileReference; lastKnownFileType = sourcecode.swift; path = CurrencyTableCellView.swift; sourceTree = "<group>"; };
		F8D3F2B927CD4D620018380C /* Date+Extension.swift */ = {isa = PBXFileReference; lastKnownFileType = sourcecode.swift; path = "Date+Extension.swift"; sourceTree = "<group>"; };
		F8D5AADB27D1415D005A00F8 /* XCTest.framework */ = {isa = PBXFileReference; lastKnownFileType = wrapper.framework; name = XCTest.framework; path = Platforms/iPhoneOS.platform/Developer/Library/Frameworks/XCTest.framework; sourceTree = DEVELOPER_DIR; };
		F8D5AAE327D1425A005A00F8 /* SpringCardProjectTests.xctest */ = {isa = PBXFileReference; explicitFileType = wrapper.cfbundle; includeInIndex = 0; path = SpringCardProjectTests.xctest; sourceTree = BUILT_PRODUCTS_DIR; };
		F8D5AAE527D1425A005A00F8 /* SpringCardProjectTests.swift */ = {isa = PBXFileReference; lastKnownFileType = sourcecode.swift; path = SpringCardProjectTests.swift; sourceTree = "<group>"; };
		F8D5AAEE27D244C1005A00F8 /* UIKit+Extension.swift */ = {isa = PBXFileReference; lastKnownFileType = sourcecode.swift; path = "UIKit+Extension.swift"; sourceTree = "<group>"; };
		F8D5AAF227D26015005A00F8 /* AnimatedLaunchViewController.swift */ = {isa = PBXFileReference; lastKnownFileType = sourcecode.swift; path = AnimatedLaunchViewController.swift; sourceTree = "<group>"; };
/* End PBXFileReference section */

/* Begin PBXFrameworksBuildPhase section */
		F848D43A27CD37080085CDA8 /* Frameworks */ = {
			isa = PBXFrameworksBuildPhase;
			buildActionMask = 2147483647;
			files = (
			);
			runOnlyForDeploymentPostprocessing = 0;
		};
		F8D5AAE027D1425A005A00F8 /* Frameworks */ = {
			isa = PBXFrameworksBuildPhase;
			buildActionMask = 2147483647;
			files = (
			);
			runOnlyForDeploymentPostprocessing = 0;
		};
/* End PBXFrameworksBuildPhase section */

/* Begin PBXGroup section */
		F83FE61327CFF55000F21C78 /* Controls */ = {
			isa = PBXGroup;
			children = (
				F83FE61427CFF56800F21C78 /* RoundedButton.swift */,
				F83FE61A27D0092A00F21C78 /* CircleLoadingIndicator.swift */,
			);
			path = Controls;
			sourceTree = "<group>";
		};
		F848D43427CD37080085CDA8 = {
			isa = PBXGroup;
			children = (
				F848D43F27CD37080085CDA8 /* SpringCardProject */,
				F8D5AAE427D1425A005A00F8 /* SpringCardProjectTests */,
				F848D43E27CD37080085CDA8 /* Products */,
				F8D5AADA27D1415D005A00F8 /* Frameworks */,
			);
			sourceTree = "<group>";
		};
		F848D43E27CD37080085CDA8 /* Products */ = {
			isa = PBXGroup;
			children = (
				F848D43D27CD37080085CDA8 /* SpringCardProject.app */,
				F8D5AAE327D1425A005A00F8 /* SpringCardProjectTests.xctest */,
			);
			name = Products;
			sourceTree = "<group>";
		};
		F848D43F27CD37080085CDA8 /* SpringCardProject */ = {
			isa = PBXGroup;
			children = (
				F848D45827CD37DF0085CDA8 /* Helpers */,
				F848D45527CD37730085CDA8 /* Managers */,
				F848D46127CD3AEE0085CDA8 /* Models */,
				F848D45727CD37B20085CDA8 /* Views */,
				F848D45427CD37670085CDA8 /* ViewControllers */,
				F848D45627CD37800085CDA8 /* Extensions */,
				F83FE61327CFF55000F21C78 /* Controls */,
				F848D45927CD37F30085CDA8 /* Assets */,
				F848D44E27CD37090085CDA8 /* Info.plist */,
			);
			path = SpringCardProject;
			sourceTree = "<group>";
		};
		F848D45427CD37670085CDA8 /* ViewControllers */ = {
			isa = PBXGroup;
			children = (
				F8D5AAF227D26015005A00F8 /* AnimatedLaunchViewController.swift */,
				F848D44427CD37080085CDA8 /* MainViewController.swift */,
				F83FE60D27CEABEE00F21C78 /* CurrencyConverterViewController.swift */,
			);
			path = ViewControllers;
			sourceTree = "<group>";
		};
		F848D45527CD37730085CDA8 /* Managers */ = {
			isa = PBXGroup;
			children = (
				F848D45F27CD39B40085CDA8 /* NetworkManager.swift */,
				F83FE60927CE945D00F21C78 /* JsonManager.swift */,
				F83FE60F27CFE5C100F21C78 /* CurrencyConverter.swift */,
			);
			path = Managers;
			sourceTree = "<group>";
		};
		F848D45627CD37800085CDA8 /* Extensions */ = {
			isa = PBXGroup;
			children = (
				F8D3F2B927CD4D620018380C /* Date+Extension.swift */,
				F83FE61127CFE67000F21C78 /* Double+Extension.swift */,
				F8D5AAEE27D244C1005A00F8 /* UIKit+Extension.swift */,
			);
			path = Extensions;
			sourceTree = "<group>";
		};
		F848D45727CD37B20085CDA8 /* Views */ = {
			isa = PBXGroup;
			children = (
				F848D46427CD3E130085CDA8 /* SubViews */,
				F848D44627CD37080085CDA8 /* Main.storyboard */,
				F848D44B27CD37090085CDA8 /* LaunchScreen.storyboard */,
			);
			path = Views;
			sourceTree = "<group>";
		};
		F848D45827CD37DF0085CDA8 /* Helpers */ = {
			isa = PBXGroup;
			children = (
				F848D45D27CD38640085CDA8 /* Constants.swift */,
				F83FE60B27CE9DF000F21C78 /* Errors.swift */,
				F848D44027CD37080085CDA8 /* AppDelegate.swift */,
				F848D44227CD37080085CDA8 /* SceneDelegate.swift */,
			);
			path = Helpers;
			sourceTree = "<group>";
		};
		F848D45927CD37F30085CDA8 /* Assets */ = {
			isa = PBXGroup;
			children = (
				F848D44927CD37090085CDA8 /* Assets.xcassets */,
			);
			path = Assets;
			sourceTree = "<group>";
		};
		F848D46127CD3AEE0085CDA8 /* Models */ = {
			isa = PBXGroup;
			children = (
				F848D46227CD3B250085CDA8 /* Currency.swift */,
			);
			path = Models;
			sourceTree = "<group>";
		};
		F848D46427CD3E130085CDA8 /* SubViews */ = {
			isa = PBXGroup;
			children = (
				F8D3F2B727CD4C050018380C /* CurrencyTableCellView.swift */,
				F83FE61827D004BC00F21C78 /* ErrorView.swift */,
				F83FE61627CFFF1B00F21C78 /* ErrorView.xib */,
			);
			path = SubViews;
			sourceTree = "<group>";
		};
		F8D5AADA27D1415D005A00F8 /* Frameworks */ = {
			isa = PBXGroup;
			children = (
				F8D5AADB27D1415D005A00F8 /* XCTest.framework */,
			);
			name = Frameworks;
			sourceTree = "<group>";
		};
		F8D5AAE427D1425A005A00F8 /* SpringCardProjectTests */ = {
			isa = PBXGroup;
			children = (
				F8D5AAE527D1425A005A00F8 /* SpringCardProjectTests.swift */,
			);
			path = SpringCardProjectTests;
			sourceTree = "<group>";
		};
/* End PBXGroup section */

/* Begin PBXNativeTarget section */
		F848D43C27CD37080085CDA8 /* SpringCardProject */ = {
			isa = PBXNativeTarget;
			buildConfigurationList = F848D45127CD37090085CDA8 /* Build configuration list for PBXNativeTarget "SpringCardProject" */;
			buildPhases = (
				F848D43927CD37080085CDA8 /* Sources */,
				F848D43A27CD37080085CDA8 /* Frameworks */,
				F848D43B27CD37080085CDA8 /* Resources */,
			);
			buildRules = (
			);
			dependencies = (
			);
			name = SpringCardProject;
			productName = SpringCardProject;
			productReference = F848D43D27CD37080085CDA8 /* SpringCardProject.app */;
			productType = "com.apple.product-type.application";
		};
		F8D5AAE227D1425A005A00F8 /* SpringCardProjectTests */ = {
			isa = PBXNativeTarget;
			buildConfigurationList = F8D5AAE927D1425A005A00F8 /* Build configuration list for PBXNativeTarget "SpringCardProjectTests" */;
			buildPhases = (
				F8D5AADF27D1425A005A00F8 /* Sources */,
				F8D5AAE027D1425A005A00F8 /* Frameworks */,
				F8D5AAE127D1425A005A00F8 /* Resources */,
			);
			buildRules = (
			);
			dependencies = (
				F8D5AAE827D1425A005A00F8 /* PBXTargetDependency */,
			);
			name = SpringCardProjectTests;
			productName = SpringCardProjectTests;
			productReference = F8D5AAE327D1425A005A00F8 /* SpringCardProjectTests.xctest */;
			productType = "com.apple.product-type.bundle.unit-test";
		};
/* End PBXNativeTarget section */

/* Begin PBXProject section */
		F848D43527CD37080085CDA8 /* Project object */ = {
			isa = PBXProject;
			attributes = {
				BuildIndependentTargetsInParallel = 1;
				LastSwiftUpdateCheck = 1310;
				LastUpgradeCheck = 1310;
				TargetAttributes = {
					F848D43C27CD37080085CDA8 = {
						CreatedOnToolsVersion = 13.1;
					};
					F8D5AAE227D1425A005A00F8 = {
						CreatedOnToolsVersion = 13.1;
						TestTargetID = F848D43C27CD37080085CDA8;
					};
				};
			};
			buildConfigurationList = F848D43827CD37080085CDA8 /* Build configuration list for PBXProject "SpringCardProject" */;
			compatibilityVersion = "Xcode 13.0";
			developmentRegion = en;
			hasScannedForEncodings = 0;
			knownRegions = (
				en,
				Base,
			);
			mainGroup = F848D43427CD37080085CDA8;
			productRefGroup = F848D43E27CD37080085CDA8 /* Products */;
			projectDirPath = "";
			projectRoot = "";
			targets = (
				F848D43C27CD37080085CDA8 /* SpringCardProject */,
				F8D5AAE227D1425A005A00F8 /* SpringCardProjectTests */,
			);
		};
/* End PBXProject section */

/* Begin PBXResourcesBuildPhase section */
		F848D43B27CD37080085CDA8 /* Resources */ = {
			isa = PBXResourcesBuildPhase;
			buildActionMask = 2147483647;
			files = (
				F848D44D27CD37090085CDA8 /* LaunchScreen.storyboard in Resources */,
				F848D44A27CD37090085CDA8 /* Assets.xcassets in Resources */,
				F848D44827CD37080085CDA8 /* Main.storyboard in Resources */,
				F83FE61727CFFF1B00F21C78 /* ErrorView.xib in Resources */,
			);
			runOnlyForDeploymentPostprocessing = 0;
		};
		F8D5AAE127D1425A005A00F8 /* Resources */ = {
			isa = PBXResourcesBuildPhase;
			buildActionMask = 2147483647;
			files = (
			);
			runOnlyForDeploymentPostprocessing = 0;
		};
/* End PBXResourcesBuildPhase section */

/* Begin PBXSourcesBuildPhase section */
		F848D43927CD37080085CDA8 /* Sources */ = {
			isa = PBXSourcesBuildPhase;
			buildActionMask = 2147483647;
			files = (
				F848D46327CD3B250085CDA8 /* Currency.swift in Sources */,
				F848D44527CD37080085CDA8 /* MainViewController.swift in Sources */,
				F8D3F2B827CD4C050018380C /* CurrencyTableCellView.swift in Sources */,
				F848D45E27CD38640085CDA8 /* Constants.swift in Sources */,
				F83FE61B27D0092A00F21C78 /* CircleLoadingIndicator.swift in Sources */,
				F83FE60E27CEABEE00F21C78 /* CurrencyConverterViewController.swift in Sources */,
				F8D5AAF327D26015005A00F8 /* AnimatedLaunchViewController.swift in Sources */,
				F848D46027CD39B40085CDA8 /* NetworkManager.swift in Sources */,
				F8D5AAEF27D244C1005A00F8 /* UIKit+Extension.swift in Sources */,
				F8D3F2BA27CD4D620018380C /* Date+Extension.swift in Sources */,
				F83FE60C27CE9DF000F21C78 /* Errors.swift in Sources */,
				F83FE61227CFE67000F21C78 /* Double+Extension.swift in Sources */,
				F83FE60A27CE945D00F21C78 /* JsonManager.swift in Sources */,
				F83FE61927D004BC00F21C78 /* ErrorView.swift in Sources */,
				F83FE61027CFE5C100F21C78 /* CurrencyConverter.swift in Sources */,
				F83FE61527CFF56800F21C78 /* RoundedButton.swift in Sources */,
				F848D44127CD37080085CDA8 /* AppDelegate.swift in Sources */,
				F848D44327CD37080085CDA8 /* SceneDelegate.swift in Sources */,
			);
			runOnlyForDeploymentPostprocessing = 0;
		};
		F8D5AADF27D1425A005A00F8 /* Sources */ = {
			isa = PBXSourcesBuildPhase;
			buildActionMask = 2147483647;
			files = (
				F8D5AAE627D1425A005A00F8 /* SpringCardProjectTests.swift in Sources */,
			);
			runOnlyForDeploymentPostprocessing = 0;
		};
/* End PBXSourcesBuildPhase section */

/* Begin PBXTargetDependency section */
		F8D5AAE827D1425A005A00F8 /* PBXTargetDependency */ = {
			isa = PBXTargetDependency;
			target = F848D43C27CD37080085CDA8 /* SpringCardProject */;
			targetProxy = F8D5AAE727D1425A005A00F8 /* PBXContainerItemProxy */;
		};
/* End PBXTargetDependency section */

/* Begin PBXVariantGroup section */
		F848D44627CD37080085CDA8 /* Main.storyboard */ = {
			isa = PBXVariantGroup;
			children = (
				F848D44727CD37080085CDA8 /* Base */,
			);
			name = Main.storyboard;
			sourceTree = "<group>";
		};
		F848D44B27CD37090085CDA8 /* LaunchScreen.storyboard */ = {
			isa = PBXVariantGroup;
			children = (
				F848D44C27CD37090085CDA8 /* Base */,
			);
			name = LaunchScreen.storyboard;
			sourceTree = "<group>";
		};
/* End PBXVariantGroup section */

/* Begin XCBuildConfiguration section */
		F848D44F27CD37090085CDA8 /* Debug */ = {
			isa = XCBuildConfiguration;
			buildSettings = {
				ALWAYS_SEARCH_USER_PATHS = NO;
				CLANG_ANALYZER_NONNULL = YES;
				CLANG_ANALYZER_NUMBER_OBJECT_CONVERSION = YES_AGGRESSIVE;
				CLANG_CXX_LANGUAGE_STANDARD = "gnu++17";
				CLANG_CXX_LIBRARY = "libc++";
				CLANG_ENABLE_MODULES = YES;
				CLANG_ENABLE_OBJC_ARC = YES;
				CLANG_ENABLE_OBJC_WEAK = YES;
				CLANG_WARN_BLOCK_CAPTURE_AUTORELEASING = YES;
				CLANG_WARN_BOOL_CONVERSION = YES;
				CLANG_WARN_COMMA = YES;
				CLANG_WARN_CONSTANT_CONVERSION = YES;
				CLANG_WARN_DEPRECATED_OBJC_IMPLEMENTATIONS = YES;
				CLANG_WARN_DIRECT_OBJC_ISA_USAGE = YES_ERROR;
				CLANG_WARN_DOCUMENTATION_COMMENTS = YES;
				CLANG_WARN_EMPTY_BODY = YES;
				CLANG_WARN_ENUM_CONVERSION = YES;
				CLANG_WARN_INFINITE_RECURSION = YES;
				CLANG_WARN_INT_CONVERSION = YES;
				CLANG_WARN_NON_LITERAL_NULL_CONVERSION = YES;
				CLANG_WARN_OBJC_IMPLICIT_RETAIN_SELF = YES;
				CLANG_WARN_OBJC_LITERAL_CONVERSION = YES;
				CLANG_WARN_OBJC_ROOT_CLASS = YES_ERROR;
				CLANG_WARN_QUOTED_INCLUDE_IN_FRAMEWORK_HEADER = YES;
				CLANG_WARN_RANGE_LOOP_ANALYSIS = YES;
				CLANG_WARN_STRICT_PROTOTYPES = YES;
				CLANG_WARN_SUSPICIOUS_MOVE = YES;
				CLANG_WARN_UNGUARDED_AVAILABILITY = YES_AGGRESSIVE;
				CLANG_WARN_UNREACHABLE_CODE = YES;
				CLANG_WARN__DUPLICATE_METHOD_MATCH = YES;
				COPY_PHASE_STRIP = NO;
				DEBUG_INFORMATION_FORMAT = dwarf;
				ENABLE_STRICT_OBJC_MSGSEND = YES;
				ENABLE_TESTABILITY = YES;
				GCC_C_LANGUAGE_STANDARD = gnu11;
				GCC_DYNAMIC_NO_PIC = NO;
				GCC_NO_COMMON_BLOCKS = YES;
				GCC_OPTIMIZATION_LEVEL = 0;
				GCC_PREPROCESSOR_DEFINITIONS = (
					"DEBUG=1",
					"$(inherited)",
				);
				GCC_WARN_64_TO_32_BIT_CONVERSION = YES;
				GCC_WARN_ABOUT_RETURN_TYPE = YES_ERROR;
				GCC_WARN_UNDECLARED_SELECTOR = YES;
				GCC_WARN_UNINITIALIZED_AUTOS = YES_AGGRESSIVE;
				GCC_WARN_UNUSED_FUNCTION = YES;
				GCC_WARN_UNUSED_VARIABLE = YES;
				IPHONEOS_DEPLOYMENT_TARGET = 15.0;
				MTL_ENABLE_DEBUG_INFO = INCLUDE_SOURCE;
				MTL_FAST_MATH = YES;
				ONLY_ACTIVE_ARCH = YES;
				SDKROOT = iphoneos;
				SWIFT_ACTIVE_COMPILATION_CONDITIONS = DEBUG;
				SWIFT_OPTIMIZATION_LEVEL = "-Onone";
			};
			name = Debug;
		};
		F848D45027CD37090085CDA8 /* Release */ = {
			isa = XCBuildConfiguration;
			buildSettings = {
				ALWAYS_SEARCH_USER_PATHS = NO;
				CLANG_ANALYZER_NONNULL = YES;
				CLANG_ANALYZER_NUMBER_OBJECT_CONVERSION = YES_AGGRESSIVE;
				CLANG_CXX_LANGUAGE_STANDARD = "gnu++17";
				CLANG_CXX_LIBRARY = "libc++";
				CLANG_ENABLE_MODULES = YES;
				CLANG_ENABLE_OBJC_ARC = YES;
				CLANG_ENABLE_OBJC_WEAK = YES;
				CLANG_WARN_BLOCK_CAPTURE_AUTORELEASING = YES;
				CLANG_WARN_BOOL_CONVERSION = YES;
				CLANG_WARN_COMMA = YES;
				CLANG_WARN_CONSTANT_CONVERSION = YES;
				CLANG_WARN_DEPRECATED_OBJC_IMPLEMENTATIONS = YES;
				CLANG_WARN_DIRECT_OBJC_ISA_USAGE = YES_ERROR;
				CLANG_WARN_DOCUMENTATION_COMMENTS = YES;
				CLANG_WARN_EMPTY_BODY = YES;
				CLANG_WARN_ENUM_CONVERSION = YES;
				CLANG_WARN_INFINITE_RECURSION = YES;
				CLANG_WARN_INT_CONVERSION = YES;
				CLANG_WARN_NON_LITERAL_NULL_CONVERSION = YES;
				CLANG_WARN_OBJC_IMPLICIT_RETAIN_SELF = YES;
				CLANG_WARN_OBJC_LITERAL_CONVERSION = YES;
				CLANG_WARN_OBJC_ROOT_CLASS = YES_ERROR;
				CLANG_WARN_QUOTED_INCLUDE_IN_FRAMEWORK_HEADER = YES;
				CLANG_WARN_RANGE_LOOP_ANALYSIS = YES;
				CLANG_WARN_STRICT_PROTOTYPES = YES;
				CLANG_WARN_SUSPICIOUS_MOVE = YES;
				CLANG_WARN_UNGUARDED_AVAILABILITY = YES_AGGRESSIVE;
				CLANG_WARN_UNREACHABLE_CODE = YES;
				CLANG_WARN__DUPLICATE_METHOD_MATCH = YES;
				COPY_PHASE_STRIP = NO;
				DEBUG_INFORMATION_FORMAT = "dwarf-with-dsym";
				ENABLE_NS_ASSERTIONS = NO;
				ENABLE_STRICT_OBJC_MSGSEND = YES;
				GCC_C_LANGUAGE_STANDARD = gnu11;
				GCC_NO_COMMON_BLOCKS = YES;
				GCC_WARN_64_TO_32_BIT_CONVERSION = YES;
				GCC_WARN_ABOUT_RETURN_TYPE = YES_ERROR;
				GCC_WARN_UNDECLARED_SELECTOR = YES;
				GCC_WARN_UNINITIALIZED_AUTOS = YES_AGGRESSIVE;
				GCC_WARN_UNUSED_FUNCTION = YES;
				GCC_WARN_UNUSED_VARIABLE = YES;
				IPHONEOS_DEPLOYMENT_TARGET = 15.0;
				MTL_ENABLE_DEBUG_INFO = NO;
				MTL_FAST_MATH = YES;
				SDKROOT = iphoneos;
				SWIFT_COMPILATION_MODE = wholemodule;
				SWIFT_OPTIMIZATION_LEVEL = "-O";
				VALIDATE_PRODUCT = YES;
			};
			name = Release;
		};
		F848D45227CD37090085CDA8 /* Debug */ = {
			isa = XCBuildConfiguration;
			buildSettings = {
				ASSETCATALOG_COMPILER_APPICON_NAME = AppIcon;
				ASSETCATALOG_COMPILER_GLOBAL_ACCENT_COLOR_NAME = AccentColor;
				CODE_SIGN_STYLE = Automatic;
				CURRENT_PROJECT_VERSION = 1;
				DEVELOPMENT_TEAM = F6WH3S8GMZ;
				GENERATE_INFOPLIST_FILE = YES;
				INFOPLIST_FILE = SpringCardProject/Info.plist;
				INFOPLIST_KEY_UIApplicationSupportsIndirectInputEvents = YES;
				INFOPLIST_KEY_UILaunchStoryboardName = LaunchScreen;
				INFOPLIST_KEY_UIMainStoryboardFile = Main;
				INFOPLIST_KEY_UISupportedInterfaceOrientations_iPad = "UIInterfaceOrientationPortrait UIInterfaceOrientationPortraitUpsideDown UIInterfaceOrientationLandscapeLeft UIInterfaceOrientationLandscapeRight";
				INFOPLIST_KEY_UISupportedInterfaceOrientations_iPhone = "UIInterfaceOrientationPortrait UIInterfaceOrientationLandscapeLeft UIInterfaceOrientationLandscapeRight";
				LD_RUNPATH_SEARCH_PATHS = (
					"$(inherited)",
					"@executable_path/Frameworks",
				);
				MARKETING_VERSION = 1.0;
				PRODUCT_BUNDLE_IDENTIFIER = co.MarinaRiad.SpringCardProject;
				PRODUCT_NAME = "$(TARGET_NAME)";
				SWIFT_EMIT_LOC_STRINGS = YES;
				SWIFT_VERSION = 5.0;
				TARGETED_DEVICE_FAMILY = "1,2";
			};
			name = Debug;
		};
		F848D45327CD37090085CDA8 /* Release */ = {
			isa = XCBuildConfiguration;
			buildSettings = {
				ASSETCATALOG_COMPILER_APPICON_NAME = AppIcon;
				ASSETCATALOG_COMPILER_GLOBAL_ACCENT_COLOR_NAME = AccentColor;
				CODE_SIGN_STYLE = Automatic;
				CURRENT_PROJECT_VERSION = 1;
				DEVELOPMENT_TEAM = F6WH3S8GMZ;
				GENERATE_INFOPLIST_FILE = YES;
				INFOPLIST_FILE = SpringCardProject/Info.plist;
				INFOPLIST_KEY_UIApplicationSupportsIndirectInputEvents = YES;
				INFOPLIST_KEY_UILaunchStoryboardName = LaunchScreen;
				INFOPLIST_KEY_UIMainStoryboardFile = Main;
				INFOPLIST_KEY_UISupportedInterfaceOrientations_iPad = "UIInterfaceOrientationPortrait UIInterfaceOrientationPortraitUpsideDown UIInterfaceOrientationLandscapeLeft UIInterfaceOrientationLandscapeRight";
				INFOPLIST_KEY_UISupportedInterfaceOrientations_iPhone = "UIInterfaceOrientationPortrait UIInterfaceOrientationLandscapeLeft UIInterfaceOrientationLandscapeRight";
				LD_RUNPATH_SEARCH_PATHS = (
					"$(inherited)",
					"@executable_path/Frameworks",
				);
				MARKETING_VERSION = 1.0;
				PRODUCT_BUNDLE_IDENTIFIER = co.MarinaRiad.SpringCardProject;
				PRODUCT_NAME = "$(TARGET_NAME)";
				SWIFT_EMIT_LOC_STRINGS = YES;
				SWIFT_VERSION = 5.0;
				TARGETED_DEVICE_FAMILY = "1,2";
			};
			name = Release;
		};
		F8D5AAEA27D1425A005A00F8 /* Debug */ = {
			isa = XCBuildConfiguration;
			buildSettings = {
				BUNDLE_LOADER = "$(TEST_HOST)";
				CODE_SIGN_STYLE = Automatic;
				CURRENT_PROJECT_VERSION = 1;
				DEVELOPMENT_TEAM = F6WH3S8GMZ;
				GENERATE_INFOPLIST_FILE = YES;
				LD_RUNPATH_SEARCH_PATHS = (
					"$(inherited)",
					"@executable_path/Frameworks",
					"@loader_path/Frameworks",
				);
				MARKETING_VERSION = 1.0;
				PRODUCT_BUNDLE_IDENTIFIER = co.MarinaRiad.SpringCardProjectTests;
				PRODUCT_NAME = "$(TARGET_NAME)";
				SWIFT_EMIT_LOC_STRINGS = NO;
				SWIFT_VERSION = 5.0;
				TARGETED_DEVICE_FAMILY = "1,2";
				TEST_HOST = "$(BUILT_PRODUCTS_DIR)/SpringCardProject.app/SpringCardProject";
			};
			name = Debug;
		};
		F8D5AAEB27D1425A005A00F8 /* Release */ = {
			isa = XCBuildConfiguration;
			buildSettings = {
				BUNDLE_LOADER = "$(TEST_HOST)";
				CODE_SIGN_STYLE = Automatic;
				CURRENT_PROJECT_VERSION = 1;
				DEVELOPMENT_TEAM = F6WH3S8GMZ;
				GENERATE_INFOPLIST_FILE = YES;
				LD_RUNPATH_SEARCH_PATHS = (
					"$(inherited)",
					"@executable_path/Frameworks",
					"@loader_path/Frameworks",
				);
				MARKETING_VERSION = 1.0;
				PRODUCT_BUNDLE_IDENTIFIER = co.MarinaRiad.SpringCardProjectTests;
				PRODUCT_NAME = "$(TARGET_NAME)";
				SWIFT_EMIT_LOC_STRINGS = NO;
				SWIFT_VERSION = 5.0;
				TARGETED_DEVICE_FAMILY = "1,2";
				TEST_HOST = "$(BUILT_PRODUCTS_DIR)/SpringCardProject.app/SpringCardProject";
			};
			name = Release;
		};
/* End XCBuildConfiguration section */

/* Begin XCConfigurationList section */
		F848D43827CD37080085CDA8 /* Build configuration list for PBXProject "SpringCardProject" */ = {
			isa = XCConfigurationList;
			buildConfigurations = (
				F848D44F27CD37090085CDA8 /* Debug */,
				F848D45027CD37090085CDA8 /* Release */,
			);
			defaultConfigurationIsVisible = 0;
			defaultConfigurationName = Release;
		};
		F848D45127CD37090085CDA8 /* Build configuration list for PBXNativeTarget "SpringCardProject" */ = {
			isa = XCConfigurationList;
			buildConfigurations = (
				F848D45227CD37090085CDA8 /* Debug */,
				F848D45327CD37090085CDA8 /* Release */,
			);
			defaultConfigurationIsVisible = 0;
			defaultConfigurationName = Release;
		};
		F8D5AAE927D1425A005A00F8 /* Build configuration list for PBXNativeTarget "SpringCardProjectTests" */ = {
			isa = XCConfigurationList;
			buildConfigurations = (
				F8D5AAEA27D1425A005A00F8 /* Debug */,
				F8D5AAEB27D1425A005A00F8 /* Release */,
			);
			defaultConfigurationIsVisible = 0;
			defaultConfigurationName = Release;
		};
/* End XCConfigurationList section */
	};
	rootObject = F848D43527CD37080085CDA8 /* Project object */;
}
